dependencies:
  idf:
    component_hash: null
    source:
      type: idf
    version: 5.2.1
  lvgl/lvgl:
    component_hash: 2a8f619b5c2b1c7ad116c33d43dae8989c76739068f406a7e8ba9221e1085f17
    source:
      service_url: https://api.components.espressif.com/
      type: service
    version: 9.1.0
manifest_hash: a910099e0b19a0b5aa05bc75183b51e966011905ae2c68b1bb4337cd189b5c95
target: esp32s3
version: 1.0.0
